// !$*UTF8*$!
{
	archiveVersion = 1;
	classes = {
	};
	objectVersion = 55;
	objects = {

/* Begin PBXBuildFile section */
		06315A562A4F3B6500870B9D /* HapticsPractice.swift in Sources */ = {isa = PBXBuildFile; fileRef = 06315A552A4F3B6500870B9D /* HapticsPractice.swift */; };
		06315A582A4F448200870B9D /* LocalNotificationsPractice.swift in Sources */ = {isa = PBXBuildFile; fileRef = 06315A572A4F448200870B9D /* LocalNotificationsPractice.swift */; };
		063DB9CC2A49FBA400736E00 /* DragGesturePractice.swift in Sources */ = {isa = PBXBuildFile; fileRef = 063DB9CB2A49FBA400736E00 /* DragGesturePractice.swift */; };
		063DB9CE2A4A026600736E00 /* DragGesturePractice2.swift in Sources */ = {isa = PBXBuildFile; fileRef = 063DB9CD2A4A026600736E00 /* DragGesturePractice2.swift */; };
		063DB9D22A4B3D3100736E00 /* ScrollViewReaderPractice.swift in Sources */ = {isa = PBXBuildFile; fileRef = 063DB9D12A4B3D3100736E00 /* ScrollViewReaderPractice.swift */; };
		063DB9D42A4B544E00736E00 /* GeometryReaderPractice.swift in Sources */ = {isa = PBXBuildFile; fileRef = 063DB9D32A4B544E00736E00 /* GeometryReaderPractice.swift */; };
		063DB9D62A4C9AE000736E00 /* MultipleSheetsPractice.swift in Sources */ = {isa = PBXBuildFile; fileRef = 063DB9D52A4C9AE000736E00 /* MultipleSheetsPractice.swift */; };
		063DB9D82A4CA92800736E00 /* MaskPractice.swift in Sources */ = {isa = PBXBuildFile; fileRef = 063DB9D72A4CA92700736E00 /* MaskPractice.swift */; };
		063DB9DA2A4E070100736E00 /* SoundsPractice.swift in Sources */ = {isa = PBXBuildFile; fileRef = 063DB9D92A4E070100736E00 /* SoundsPractice.swift */; };
		063DB9DE2A4E0AA500736E00 /* tada.mp3 in Resources */ = {isa = PBXBuildFile; fileRef = 063DB9DC2A4E0AA500736E00 /* tada.mp3 */; };
		063DB9DF2A4E0AA500736E00 /* badum.mp3 in Resources */ = {isa = PBXBuildFile; fileRef = 063DB9DD2A4E0AA500736E00 /* badum.mp3 */; };
		06D9DC3C2A46093700BA25F6 /* PracticeofSwiftUIIntermediateApp.swift in Sources */ = {isa = PBXBuildFile; fileRef = 06D9DC3B2A46093700BA25F6 /* PracticeofSwiftUIIntermediateApp.swift */; };
		06D9DC3E2A46093700BA25F6 /* ContentView.swift in Sources */ = {isa = PBXBuildFile; fileRef = 06D9DC3D2A46093700BA25F6 /* ContentView.swift */; };
		06D9DC402A46094100BA25F6 /* Assets.xcassets in Resources */ = {isa = PBXBuildFile; fileRef = 06D9DC3F2A46094100BA25F6 /* Assets.xcassets */; };
		06D9DC432A46094100BA25F6 /* Preview Assets.xcassets in Resources */ = {isa = PBXBuildFile; fileRef = 06D9DC422A46094100BA25F6 /* Preview Assets.xcassets */; };
		06D9DC4A2A4609F800BA25F6 /* LongPressGesturePractice.swift in Sources */ = {isa = PBXBuildFile; fileRef = 06D9DC492A4609F800BA25F6 /* LongPressGesturePractice.swift */; };
		06D9DC4C2A486C2600BA25F6 /* MagnificationGesturePractice.swift in Sources */ = {isa = PBXBuildFile; fileRef = 06D9DC4B2A486C2500BA25F6 /* MagnificationGesturePractice.swift */; };
		06D9DC4E2A4874E200BA25F6 /* RotationGesturePractice.swift in Sources */ = {isa = PBXBuildFile; fileRef = 06D9DC4D2A4874E200BA25F6 /* RotationGesturePractice.swift */; };
/* End PBXBuildFile section */

/* Begin PBXFileReference section */
		06315A552A4F3B6500870B9D /* HapticsPractice.swift */ = {isa = PBXFileReference; lastKnownFileType = sourcecode.swift; path = HapticsPractice.swift; sourceTree = "<group>"; };
		06315A572A4F448200870B9D /* LocalNotificationsPractice.swift */ = {isa = PBXFileReference; lastKnownFileType = sourcecode.swift; path = LocalNotificationsPractice.swift; sourceTree = "<group>"; };
		063DB9CB2A49FBA400736E00 /* DragGesturePractice.swift */ = {isa = PBXFileReference; lastKnownFileType = sourcecode.swift; path = DragGesturePractice.swift; sourceTree = "<group>"; };
		063DB9CD2A4A026600736E00 /* DragGesturePractice2.swift */ = {isa = PBXFileReference; lastKnownFileType = sourcecode.swift; path = DragGesturePractice2.swift; sourceTree = "<group>"; };
		063DB9D12A4B3D3100736E00 /* ScrollViewReaderPractice.swift */ = {isa = PBXFileReference; lastKnownFileType = sourcecode.swift; path = ScrollViewReaderPractice.swift; sourceTree = "<group>"; };
		063DB9D32A4B544E00736E00 /* GeometryReaderPractice.swift */ = {isa = PBXFileReference; lastKnownFileType = sourcecode.swift; path = GeometryReaderPractice.swift; sourceTree = "<group>"; };
		063DB9D52A4C9AE000736E00 /* MultipleSheetsPractice.swift */ = {isa = PBXFileReference; lastKnownFileType = sourcecode.swift; path = MultipleSheetsPractice.swift; sourceTree = "<group>"; };
		063DB9D72A4CA92700736E00 /* MaskPractice.swift */ = {isa = PBXFileReference; lastKnownFileType = sourcecode.swift; path = MaskPractice.swift; sourceTree = "<group>"; };
		063DB9D92A4E070100736E00 /* SoundsPractice.swift */ = {isa = PBXFileReference; lastKnownFileType = sourcecode.swift; path = SoundsPractice.swift; sourceTree = "<group>"; };
		063DB9DC2A4E0AA500736E00 /* tada.mp3 */ = {isa = PBXFileReference; lastKnownFileType = audio.mp3; path = tada.mp3; sourceTree = "<group>"; };
		063DB9DD2A4E0AA500736E00 /* badum.mp3 */ = {isa = PBXFileReference; lastKnownFileType = audio.mp3; path = badum.mp3; sourceTree = "<group>"; };
		06D9DC382A46093700BA25F6 /* PracticeofSwiftUIIntermediate.app */ = {isa = PBXFileReference; explicitFileType = wrapper.application; includeInIndex = 0; path = PracticeofSwiftUIIntermediate.app; sourceTree = BUILT_PRODUCTS_DIR; };
		06D9DC3B2A46093700BA25F6 /* PracticeofSwiftUIIntermediateApp.swift */ = {isa = PBXFileReference; lastKnownFileType = sourcecode.swift; path = PracticeofSwiftUIIntermediateApp.swift; sourceTree = "<group>"; };
		06D9DC3D2A46093700BA25F6 /* ContentView.swift */ = {isa = PBXFileReference; lastKnownFileType = sourcecode.swift; path = ContentView.swift; sourceTree = "<group>"; };
		06D9DC3F2A46094100BA25F6 /* Assets.xcassets */ = {isa = PBXFileReference; lastKnownFileType = folder.assetcatalog; path = Assets.xcassets; sourceTree = "<group>"; };
		06D9DC422A46094100BA25F6 /* Preview Assets.xcassets */ = {isa = PBXFileReference; lastKnownFileType = folder.assetcatalog; path = "Preview Assets.xcassets"; sourceTree = "<group>"; };
		06D9DC492A4609F800BA25F6 /* LongPressGesturePractice.swift */ = {isa = PBXFileReference; lastKnownFileType = sourcecode.swift; path = LongPressGesturePractice.swift; sourceTree = "<group>"; };
		06D9DC4B2A486C2500BA25F6 /* MagnificationGesturePractice.swift */ = {isa = PBXFileReference; lastKnownFileType = sourcecode.swift; path = MagnificationGesturePractice.swift; sourceTree = "<group>"; };
		06D9DC4D2A4874E200BA25F6 /* RotationGesturePractice.swift */ = {isa = PBXFileReference; lastKnownFileType = sourcecode.swift; path = RotationGesturePractice.swift; sourceTree = "<group>"; };
/* End PBXFileReference section */

/* Begin PBXFrameworksBuildPhase section */
		06D9DC352A46093700BA25F6 /* Frameworks */ = {
			isa = PBXFrameworksBuildPhase;
			buildActionMask = 2147483647;
			files = (
			);
			runOnlyForDeploymentPostprocessing = 0;
		};
/* End PBXFrameworksBuildPhase section */

/* Begin PBXGroup section */
		063DB9DB2A4E0A7900736E00 /* Sounds */ = {
			isa = PBXGroup;
			children = (
				063DB9DD2A4E0AA500736E00 /* badum.mp3 */,
				063DB9DC2A4E0AA500736E00 /* tada.mp3 */,
			);
			path = Sounds;
			sourceTree = "<group>";
		};
		06D9DC2F2A46093700BA25F6 = {
			isa = PBXGroup;
			children = (
				06D9DC3A2A46093700BA25F6 /* PracticeofSwiftUIIntermediate */,
				06D9DC392A46093700BA25F6 /* Products */,
			);
			sourceTree = "<group>";
		};
		06D9DC392A46093700BA25F6 /* Products */ = {
			isa = PBXGroup;
			children = (
				06D9DC382A46093700BA25F6 /* PracticeofSwiftUIIntermediate.app */,
			);
			name = Products;
			sourceTree = "<group>";
		};
		06D9DC3A2A46093700BA25F6 /* PracticeofSwiftUIIntermediate */ = {
			isa = PBXGroup;
			children = (
				06D9DC3B2A46093700BA25F6 /* PracticeofSwiftUIIntermediateApp.swift */,
				06D9DC3D2A46093700BA25F6 /* ContentView.swift */,
				06D9DC492A4609F800BA25F6 /* LongPressGesturePractice.swift */,
				06D9DC4B2A486C2500BA25F6 /* MagnificationGesturePractice.swift */,
				06D9DC4D2A4874E200BA25F6 /* RotationGesturePractice.swift */,
				063DB9CB2A49FBA400736E00 /* DragGesturePractice.swift */,
				063DB9CD2A4A026600736E00 /* DragGesturePractice2.swift */,
				063DB9D12A4B3D3100736E00 /* ScrollViewReaderPractice.swift */,
				063DB9D32A4B544E00736E00 /* GeometryReaderPractice.swift */,
				063DB9D52A4C9AE000736E00 /* MultipleSheetsPractice.swift */,
				063DB9D72A4CA92700736E00 /* MaskPractice.swift */,
				063DB9D92A4E070100736E00 /* SoundsPractice.swift */,
				06315A552A4F3B6500870B9D /* HapticsPractice.swift */,
				06315A572A4F448200870B9D /* LocalNotificationsPractice.swift */,
				063DB9DB2A4E0A7900736E00 /* Sounds */,
				06D9DC3F2A46094100BA25F6 /* Assets.xcassets */,
				06D9DC412A46094100BA25F6 /* Preview Content */,
			);
			path = PracticeofSwiftUIIntermediate;
			sourceTree = "<group>";
		};
		06D9DC412A46094100BA25F6 /* Preview Content */ = {
			isa = PBXGroup;
			children = (
				06D9DC422A46094100BA25F6 /* Preview Assets.xcassets */,
			);
			path = "Preview Content";
			sourceTree = "<group>";
		};
/* End PBXGroup section */

/* Begin PBXNativeTarget section */
		06D9DC372A46093700BA25F6 /* PracticeofSwiftUIIntermediate */ = {
			isa = PBXNativeTarget;
			buildConfigurationList = 06D9DC462A46094100BA25F6 /* Build configuration list for PBXNativeTarget "PracticeofSwiftUIIntermediate" */;
			buildPhases = (
				06D9DC342A46093700BA25F6 /* Sources */,
				06D9DC352A46093700BA25F6 /* Frameworks */,
				06D9DC362A46093700BA25F6 /* Resources */,
			);
			buildRules = (
			);
			dependencies = (
			);
			name = PracticeofSwiftUIIntermediate;
			productName = PracticeofSwiftUIIntermediate;
			productReference = 06D9DC382A46093700BA25F6 /* PracticeofSwiftUIIntermediate.app */;
			productType = "com.apple.product-type.application";
		};
/* End PBXNativeTarget section */

/* Begin PBXProject section */
		06D9DC302A46093700BA25F6 /* Project object */ = {
			isa = PBXProject;
			attributes = {
				BuildIndependentTargetsInParallel = 1;
				LastSwiftUpdateCheck = 1320;
				LastUpgradeCheck = 1320;
				TargetAttributes = {
					06D9DC372A46093700BA25F6 = {
						CreatedOnToolsVersion = 13.2.1;
					};
				};
			};
			buildConfigurationList = 06D9DC332A46093700BA25F6 /* Build configuration list for PBXProject "PracticeofSwiftUIIntermediate" */;
			compatibilityVersion = "Xcode 13.0";
			developmentRegion = en;
			hasScannedForEncodings = 0;
			knownRegions = (
				en,
				Base,
			);
			mainGroup = 06D9DC2F2A46093700BA25F6;
			productRefGroup = 06D9DC392A46093700BA25F6 /* Products */;
			projectDirPath = "";
			projectRoot = "";
			targets = (
				06D9DC372A46093700BA25F6 /* PracticeofSwiftUIIntermediate */,
			);
		};
/* End PBXProject section */

/* Begin PBXResourcesBuildPhase section */
		06D9DC362A46093700BA25F6 /* Resources */ = {
			isa = PBXResourcesBuildPhase;
			buildActionMask = 2147483647;
			files = (
				063DB9DF2A4E0AA500736E00 /* badum.mp3 in Resources */,
				06D9DC432A46094100BA25F6 /* Preview Assets.xcassets in Resources */,
				06D9DC402A46094100BA25F6 /* Assets.xcassets in Resources */,
				063DB9DE2A4E0AA500736E00 /* tada.mp3 in Resources */,
			);
			runOnlyForDeploymentPostprocessing = 0;
		};
/* End PBXResourcesBuildPhase section */

/* Begin PBXSourcesBuildPhase section */
		06D9DC342A46093700BA25F6 /* Sources */ = {
			isa = PBXSourcesBuildPhase;
			buildActionMask = 2147483647;
			files = (
				06D9DC4C2A486C2600BA25F6 /* MagnificationGesturePractice.swift in Sources */,
				063DB9D22A4B3D3100736E00 /* ScrollViewReaderPractice.swift in Sources */,
				06D9DC4E2A4874E200BA25F6 /* RotationGesturePractice.swift in Sources */,
				063DB9CE2A4A026600736E00 /* DragGesturePractice2.swift in Sources */,
				06315A582A4F448200870B9D /* LocalNotificationsPractice.swift in Sources */,
				063DB9D62A4C9AE000736E00 /* MultipleSheetsPractice.swift in Sources */,
				06315A562A4F3B6500870B9D /* HapticsPractice.swift in Sources */,
				063DB9CC2A49FBA400736E00 /* DragGesturePractice.swift in Sources */,
				063DB9D82A4CA92800736E00 /* MaskPractice.swift in Sources */,
				06D9DC3E2A46093700BA25F6 /* ContentView.swift in Sources */,
				06D9DC3C2A46093700BA25F6 /* PracticeofSwiftUIIntermediateApp.swift in Sources */,
				06D9DC4A2A4609F800BA25F6 /* LongPressGesturePractice.swift in Sources */,
				063DB9DA2A4E070100736E00 /* SoundsPractice.swift in Sources */,
				063DB9D42A4B544E00736E00 /* GeometryReaderPractice.swift in Sources */,
			);
			runOnlyForDeploymentPostprocessing = 0;
		};
/* End PBXSourcesBuildPhase section */

/* Begin XCBuildConfiguration section */
		06D9DC442A46094100BA25F6 /* Debug */ = {
			isa = XCBuildConfiguration;
			buildSettings = {
				ALWAYS_SEARCH_USER_PATHS = NO;
				CLANG_ANALYZER_NONNULL = YES;
				CLANG_ANALYZER_NUMBER_OBJECT_CONVERSION = YES_AGGRESSIVE;
				CLANG_CXX_LANGUAGE_STANDARD = "gnu++17";
				CLANG_CXX_LIBRARY = "libc++";
				CLANG_ENABLE_MODULES = YES;
				CLANG_ENABLE_OBJC_ARC = YES;
				CLANG_ENABLE_OBJC_WEAK = YES;
				CLANG_WARN_BLOCK_CAPTURE_AUTORELEASING = YES;
				CLANG_WARN_BOOL_CONVERSION = YES;
				CLANG_WARN_COMMA = YES;
				CLANG_WARN_CONSTANT_CONVERSION = YES;
				CLANG_WARN_DEPRECATED_OBJC_IMPLEMENTATIONS = YES;
				CLANG_WARN_DIRECT_OBJC_ISA_USAGE = YES_ERROR;
				CLANG_WARN_DOCUMENTATION_COMMENTS = YES;
				CLANG_WARN_EMPTY_BODY = YES;
				CLANG_WARN_ENUM_CONVERSION = YES;
				CLANG_WARN_INFINITE_RECURSION = YES;
				CLANG_WARN_INT_CONVERSION = YES;
				CLANG_WARN_NON_LITERAL_NULL_CONVERSION = YES;
				CLANG_WARN_OBJC_IMPLICIT_RETAIN_SELF = YES;
				CLANG_WARN_OBJC_LITERAL_CONVERSION = YES;
				CLANG_WARN_OBJC_ROOT_CLASS = YES_ERROR;
				CLANG_WARN_QUOTED_INCLUDE_IN_FRAMEWORK_HEADER = YES;
				CLANG_WARN_RANGE_LOOP_ANALYSIS = YES;
				CLANG_WARN_STRICT_PROTOTYPES = YES;
				CLANG_WARN_SUSPICIOUS_MOVE = YES;
				CLANG_WARN_UNGUARDED_AVAILABILITY = YES_AGGRESSIVE;
				CLANG_WARN_UNREACHABLE_CODE = YES;
				CLANG_WARN__DUPLICATE_METHOD_MATCH = YES;
				COPY_PHASE_STRIP = NO;
				DEBUG_INFORMATION_FORMAT = dwarf;
				ENABLE_STRICT_OBJC_MSGSEND = YES;
				ENABLE_TESTABILITY = YES;
				GCC_C_LANGUAGE_STANDARD = gnu11;
				GCC_DYNAMIC_NO_PIC = NO;
				GCC_NO_COMMON_BLOCKS = YES;
				GCC_OPTIMIZATION_LEVEL = 0;
				GCC_PREPROCESSOR_DEFINITIONS = (
					"DEBUG=1",
					"$(inherited)",
				);
				GCC_WARN_64_TO_32_BIT_CONVERSION = YES;
				GCC_WARN_ABOUT_RETURN_TYPE = YES_ERROR;
				GCC_WARN_UNDECLARED_SELECTOR = YES;
				GCC_WARN_UNINITIALIZED_AUTOS = YES_AGGRESSIVE;
				GCC_WARN_UNUSED_FUNCTION = YES;
				GCC_WARN_UNUSED_VARIABLE = YES;
				IPHONEOS_DEPLOYMENT_TARGET = 15.2;
				MTL_ENABLE_DEBUG_INFO = INCLUDE_SOURCE;
				MTL_FAST_MATH = YES;
				ONLY_ACTIVE_ARCH = YES;
				SDKROOT = iphoneos;
				SWIFT_ACTIVE_COMPILATION_CONDITIONS = DEBUG;
				SWIFT_OPTIMIZATION_LEVEL = "-Onone";
			};
			name = Debug;
		};
		06D9DC452A46094100BA25F6 /* Release */ = {
			isa = XCBuildConfiguration;
			buildSettings = {
				ALWAYS_SEARCH_USER_PATHS = NO;
				CLANG_ANALYZER_NONNULL = YES;
				CLANG_ANALYZER_NUMBER_OBJECT_CONVERSION = YES_AGGRESSIVE;
				CLANG_CXX_LANGUAGE_STANDARD = "gnu++17";
				CLANG_CXX_LIBRARY = "libc++";
				CLANG_ENABLE_MODULES = YES;
				CLANG_ENABLE_OBJC_ARC = YES;
				CLANG_ENABLE_OBJC_WEAK = YES;
				CLANG_WARN_BLOCK_CAPTURE_AUTORELEASING = YES;
				CLANG_WARN_BOOL_CONVERSION = YES;
				CLANG_WARN_COMMA = YES;
				CLANG_WARN_CONSTANT_CONVERSION = YES;
				CLANG_WARN_DEPRECATED_OBJC_IMPLEMENTATIONS = YES;
				CLANG_WARN_DIRECT_OBJC_ISA_USAGE = YES_ERROR;
				CLANG_WARN_DOCUMENTATION_COMMENTS = YES;
				CLANG_WARN_EMPTY_BODY = YES;
				CLANG_WARN_ENUM_CONVERSION = YES;
				CLANG_WARN_INFINITE_RECURSION = YES;
				CLANG_WARN_INT_CONVERSION = YES;
				CLANG_WARN_NON_LITERAL_NULL_CONVERSION = YES;
				CLANG_WARN_OBJC_IMPLICIT_RETAIN_SELF = YES;
				CLANG_WARN_OBJC_LITERAL_CONVERSION = YES;
				CLANG_WARN_OBJC_ROOT_CLASS = YES_ERROR;
				CLANG_WARN_QUOTED_INCLUDE_IN_FRAMEWORK_HEADER = YES;
				CLANG_WARN_RANGE_LOOP_ANALYSIS = YES;
				CLANG_WARN_STRICT_PROTOTYPES = YES;
				CLANG_WARN_SUSPICIOUS_MOVE = YES;
				CLANG_WARN_UNGUARDED_AVAILABILITY = YES_AGGRESSIVE;
				CLANG_WARN_UNREACHABLE_CODE = YES;
				CLANG_WARN__DUPLICATE_METHOD_MATCH = YES;
				COPY_PHASE_STRIP = NO;
				DEBUG_INFORMATION_FORMAT = "dwarf-with-dsym";
				ENABLE_NS_ASSERTIONS = NO;
				ENABLE_STRICT_OBJC_MSGSEND = YES;
				GCC_C_LANGUAGE_STANDARD = gnu11;
				GCC_NO_COMMON_BLOCKS = YES;
				GCC_WARN_64_TO_32_BIT_CONVERSION = YES;
				GCC_WARN_ABOUT_RETURN_TYPE = YES_ERROR;
				GCC_WARN_UNDECLARED_SELECTOR = YES;
				GCC_WARN_UNINITIALIZED_AUTOS = YES_AGGRESSIVE;
				GCC_WARN_UNUSED_FUNCTION = YES;
				GCC_WARN_UNUSED_VARIABLE = YES;
				IPHONEOS_DEPLOYMENT_TARGET = 15.2;
				MTL_ENABLE_DEBUG_INFO = NO;
				MTL_FAST_MATH = YES;
				SDKROOT = iphoneos;
				SWIFT_COMPILATION_MODE = wholemodule;
				SWIFT_OPTIMIZATION_LEVEL = "-O";
				VALIDATE_PRODUCT = YES;
			};
			name = Release;
		};
		06D9DC472A46094100BA25F6 /* Debug */ = {
			isa = XCBuildConfiguration;
			buildSettings = {
				ASSETCATALOG_COMPILER_APPICON_NAME = AppIcon;
				ASSETCATALOG_COMPILER_GLOBAL_ACCENT_COLOR_NAME = AccentColor;
				CODE_SIGN_STYLE = Automatic;
				CURRENT_PROJECT_VERSION = 1;
				DEVELOPMENT_ASSET_PATHS = "\"PracticeofSwiftUIIntermediate/Preview Content\"";
				DEVELOPMENT_TEAM = 9FGVTTM39Q;
				ENABLE_PREVIEWS = YES;
				GENERATE_INFOPLIST_FILE = YES;
				INFOPLIST_KEY_UIApplicationSceneManifest_Generation = YES;
				INFOPLIST_KEY_UIApplicationSupportsIndirectInputEvents = YES;
				INFOPLIST_KEY_UILaunchScreen_Generation = YES;
				INFOPLIST_KEY_UISupportedInterfaceOrientations_iPad = "UIInterfaceOrientationPortrait UIInterfaceOrientationPortraitUpsideDown UIInterfaceOrientationLandscapeLeft UIInterfaceOrientationLandscapeRight";
				INFOPLIST_KEY_UISupportedInterfaceOrientations_iPhone = "UIInterfaceOrientationPortrait UIInterfaceOrientationLandscapeLeft UIInterfaceOrientationLandscapeRight";
				LD_RUNPATH_SEARCH_PATHS = (
					"$(inherited)",
					"@executable_path/Frameworks",
				);
				MARKETING_VERSION = 1.0;
				PRODUCT_BUNDLE_IDENTIFIER = "-234.PracticeofSwiftUIIntermediate";
				PRODUCT_NAME = "$(TARGET_NAME)";
				SWIFT_EMIT_LOC_STRINGS = YES;
				SWIFT_VERSION = 5.0;
				TARGETED_DEVICE_FAMILY = "1,2";
			};
			name = Debug;
		};
		06D9DC482A46094100BA25F6 /* Release */ = {
			isa = XCBuildConfiguration;
			buildSettings = {
				ASSETCATALOG_COMPILER_APPICON_NAME = AppIcon;
				ASSETCATALOG_COMPILER_GLOBAL_ACCENT_COLOR_NAME = AccentColor;
				CODE_SIGN_STYLE = Automatic;
				CURRENT_PROJECT_VERSION = 1;
				DEVELOPMENT_ASSET_PATHS = "\"PracticeofSwiftUIIntermediate/Preview Content\"";
				DEVELOPMENT_TEAM = 9FGVTTM39Q;
				ENABLE_PREVIEWS = YES;
				GENERATE_INFOPLIST_FILE = YES;
				INFOPLIST_KEY_UIApplicationSceneManifest_Generation = YES;
				INFOPLIST_KEY_UIApplicationSupportsIndirectInputEvents = YES;
				INFOPLIST_KEY_UILaunchScreen_Generation = YES;
				INFOPLIST_KEY_UISupportedInterfaceOrientations_iPad = "UIInterfaceOrientationPortrait UIInterfaceOrientationPortraitUpsideDown UIInterfaceOrientationLandscapeLeft UIInterfaceOrientationLandscapeRight";
				INFOPLIST_KEY_UISupportedInterfaceOrientations_iPhone = "UIInterfaceOrientationPortrait UIInterfaceOrientationLandscapeLeft UIInterfaceOrientationLandscapeRight";
				LD_RUNPATH_SEARCH_PATHS = (
					"$(inherited)",
					"@executable_path/Frameworks",
				);
				MARKETING_VERSION = 1.0;
				PRODUCT_BUNDLE_IDENTIFIER = "-234.PracticeofSwiftUIIntermediate";
				PRODUCT_NAME = "$(TARGET_NAME)";
				SWIFT_EMIT_LOC_STRINGS = YES;
				SWIFT_VERSION = 5.0;
				TARGETED_DEVICE_FAMILY = "1,2";
			};
			name = Release;
		};
/* End XCBuildConfiguration section */

/* Begin XCConfigurationList section */
		06D9DC332A46093700BA25F6 /* Build configuration list for PBXProject "PracticeofSwiftUIIntermediate" */ = {
			isa = XCConfigurationList;
			buildConfigurations = (
				06D9DC442A46094100BA25F6 /* Debug */,
				06D9DC452A46094100BA25F6 /* Release */,
			);
			defaultConfigurationIsVisible = 0;
			defaultConfigurationName = Release;
		};
		06D9DC462A46094100BA25F6 /* Build configuration list for PBXNativeTarget "PracticeofSwiftUIIntermediate" */ = {
			isa = XCConfigurationList;
			buildConfigurations = (
				06D9DC472A46094100BA25F6 /* Debug */,
				06D9DC482A46094100BA25F6 /* Release */,
			);
			defaultConfigurationIsVisible = 0;
			defaultConfigurationName = Release;
		};
/* End XCConfigurationList section */
	};
	rootObject = 06D9DC302A46093700BA25F6 /* Project object */;
}
